
Microsoft Visual Studio Solution File, Format Version 12.00
# Visual Studio Version 16
VisualStudioVersion = 16.0.29728.190
MinimumVisualStudioVersion = 10.0.40219.1
Project("{8BC9CEB8-8B4A-11D0-8D11-00A0C91BC942}") = "Sample Application", "Sample Application\Sample Application.vcxproj", "{6A57642C-EB47-49CB-9B3E-CB3A8CD61E73}"
EndProject
Project("{8BC9CEB8-8B4A-11D0-8D11-00A0C91BC942}") = "GraphCtrl", "GraphCtrl\GraphCtrl.vcxproj", "{AFC90A93-B186-44B6-8AD7-14C79993FE02}"
EndProject
Global
	GlobalSection(SolutionConfigurationPlatforms) = preSolution
		Debug|x64 = Debug|x64
		Debug|x86 = Debug|x86
		Release|x64 = Release|x64
		Release|x86 = Release|x86
	EndGlobalSection
	GlobalSection(ProjectConfigurationPlatforms) = postSolution
		{6A57642C-EB47-49CB-9B3E-CB3A8CD61E73}.Debug|x64.ActiveCfg = Debug|x64
		{6A57642C-EB47-49CB-9B3E-CB3A8CD61E73}.Debug|x64.Build.0 = Debug|x64
		{6A57642C-EB47-49CB-9B3E-CB3A8CD61E73}.Debug|x86.ActiveCfg = Debug|Win32
		{6A57642C-EB47-49CB-9B3E-CB3A8CD61E73}.Debug|x86.Build.0 = Debug|Win32
		{6A57642C-EB47-49CB-9B3E-CB3A8CD61E73}.Release|x64.ActiveCfg = Release|x64
		{6A57642C-EB47-49CB-9B3E-CB3A8CD61E73}.Release|x64.Build.0 = Release|x64
		{6A57642C-EB47-49CB-9B3E-CB3A8CD61E73}.Release|x86.ActiveCfg = Release|Win32
		{6A57642C-EB47-49CB-9B3E-CB3A8CD61E73}.Release|x86.Build.0 = Release|Win32
		{AFC90A93-B186-44B6-8AD7-14C79993FE02}.Debug|x64.ActiveCfg = Debug|x64
		{AFC90A93-B186-44B6-8AD7-14C79993FE02}.Debug|x64.Build.0 = Debug|x64
		{AFC90A93-B186-44B6-8AD7-14C79993FE02}.Debug|x86.ActiveCfg = Debug|Win32
		{AFC90A93-B186-44B6-8AD7-14C79993FE02}.Debug|x86.Build.0 = Debug|Win32
		{AFC90A93-B186-44B6-8AD7-14C79993FE02}.Release|x64.ActiveCfg = Release|x64
		{AFC90A93-B186-44B6-8AD7-14C79993FE02}.Release|x64.Build.0 = Release|x64
		{AFC90A93-B186-44B6-8AD7-14C79993FE02}.Release|x86.ActiveCfg = Release|Win32
		{AFC90A93-B186-44B6-8AD7-14C79993FE02}.Release|x86.Build.0 = Release|Win32
	EndGlobalSection
	GlobalSection(SolutionProperties) = preSolution
		HideSolutionNode = FALSE
	EndGlobalSection
	GlobalSection(ExtensibilityGlobals) = postSolution
		SolutionGuid = {F0913D75-518D-43A9-8A4F-49E581E15EF6}
	EndGlobalSection
EndGlobal
